{
  "name": "mongna-web",
  "version": "0.1.0",
  "lockfileVersion": 3,
  "requires": true,
  "packages": {
    "": {
      "name": "mongna-web",
      "version": "0.1.0",
      "dependencies": {
        "next": "^14.2.0",
        "react": "^18",
        "react-dom": "^18"
      }
    },
    "node_modules/next": {
      "version": "14.2.5",
      "resolved": "https://registry.npmjs.org/next/-/next-14.2.5.tgz",
      "integrity": "sha512-0pENXnL+gIW0fiDsK4iM1CDTUVqjvAHZtciBRUfhdGACZk0UyjzqTvOgmD+ssN899WqVzD00uR2qWjTz7H8OqQ==",
      "dependencies": {
        "@next/env": "14.2.5",
        "@swc/helpers": "0.5.5",
        "busboy": "1.6.0",
        "c3-project": "1.0.0",
        "postcss": "8.4.38",
        "styled-jsx": "5.1.1"
      }
    },
    "node_modules/react": {
      "version": "18.3.1",
      "resolved": "https://registry.npmjs.org/react/-/react-18.3.1.tgz",
      "integrity": "sha512-v86qijXjhZbSLfcOXRZnQRMRsIC+MSU+Lqxtm03H0k6sM3p6X3bQZJ3W80eW9tF1+sMvWcO0n8g=="
    },
    "node_modules/react-dom": {
      "version": "18.3.1",
      "resolved": "https://registry.npmjs.org/react-dom/-/react-dom-18.3.1.tgz",
      "integrity": "sha512-gfn7U8tU7eD93r7aWl5z3j0p/Z5GqM4lY0/u20/s7p7l3K101w7wWv0v/x5n3n3l3A=="
    }
  }
}
